
Microsoft Visual Studio Solution File, Format Version 12.00
# Visual Studio Version 17
VisualStudioVersion = 17.0.31903.59
MinimumVisualStudioVersion = 10.0.40219.1
Project("{2150E333-8FDC-42A3-9474-1A3956D46DE8}") = "src", "src", "{827E0CD3-B72D-47B6-A68D-7590B98EB39B}"
EndProject
Project("{2150E333-8FDC-42A3-9474-1A3956D46DE8}") = "Services", "Services", "{984BB9B3-3FA3-BE33-9484-CAC21695A33C}"
EndProject
Project("{2150E333-8FDC-42A3-9474-1A3956D46DE8}") = "Identity", "Identity", "{1BFC9479-12BF-35C3-06B8-42D89D95092B}"
EndProject
Project("{FAE04EC0-301F-11D3-BF4B-00C04F79EFBC}") = "HireFlow.Identity.Api", "src\Services\Identity\HireFlow.Identity.Api\HireFlow.Identity.Api.csproj", "{A43C6F63-5817-4C95-B539-5A3D2F6D7925}"
EndProject
Project("{FAE04EC0-301F-11D3-BF4B-00C04F79EFBC}") = "HireFlow.Identity.Application", "src\Services\Identity\HireFlow.Identity.Application\HireFlow.Identity.Application.csproj", "{49099F2F-2DAC-480F-869B-28273E0CB157}"
EndProject
Project("{FAE04EC0-301F-11D3-BF4B-00C04F79EFBC}") = "HireFlow.Identity.Domain", "src\Services\Identity\HireFlow.Identity.Domain\HireFlow.Identity.Domain.csproj", "{F4066866-42B1-468E-820F-77F3337FB70C}"
EndProject
Project("{FAE04EC0-301F-11D3-BF4B-00C04F79EFBC}") = "HireFlow.Identity.Infrastructure", "src\Services\Identity\HireFlow.Identity.Infrastructure\HireFlow.Identity.Infrastructure.csproj", "{9756F809-BFCB-4223-AC65-776B1678B7AF}"
EndProject
Project("{2150E333-8FDC-42A3-9474-1A3956D46DE8}") = "Hiring", "Hiring", "{B9121A91-C789-2511-210C-FE91457550C9}"
EndProject
Project("{FAE04EC0-301F-11D3-BF4B-00C04F79EFBC}") = "HireFlow.Hiring.Api", "src\Services\Hiring\HireFlow.Hiring.Api\HireFlow.Hiring.Api.csproj", "{0E9EA00B-D0CA-4619-BDB5-DD6C17995468}"
EndProject
Project("{FAE04EC0-301F-11D3-BF4B-00C04F79EFBC}") = "HireFlow.Hiring.Application", "src\Services\Hiring\HireFlow.Hiring.Application\HireFlow.Hiring.Application.csproj", "{37939A8F-E5F2-4F17-8249-F67B6D7C7C16}"
EndProject
Project("{FAE04EC0-301F-11D3-BF4B-00C04F79EFBC}") = "HireFlow.Hiring.Domain", "src\Services\Hiring\HireFlow.Hiring.Domain\HireFlow.Hiring.Domain.csproj", "{26908078-C64D-4A72-B269-52EBB10B3BBD}"
EndProject
Project("{FAE04EC0-301F-11D3-BF4B-00C04F79EFBC}") = "HireFlow.Hiring.Infrastructure", "src\Services\Hiring\HireFlow.Hiring.Infrastructure\HireFlow.Hiring.Infrastructure.csproj", "{8EC459F2-E9E3-4B99-911A-C4CE2A1A982E}"
EndProject
Project("{2150E333-8FDC-42A3-9474-1A3956D46DE8}") = "Notification", "Notification", "{C5FBE174-8E0F-F5A3-B929-8BD0C55C0A32}"
EndProject
Project("{FAE04EC0-301F-11D3-BF4B-00C04F79EFBC}") = "HireFlow.Notification.Api", "src\Services\Notification\HireFlow.Notification.Api\HireFlow.Notification.Api.csproj", "{7D2EE3CE-2624-466F-9605-F89896B3727D}"
EndProject
Project("{FAE04EC0-301F-11D3-BF4B-00C04F79EFBC}") = "HireFlow.Notification.Application", "src\Services\Notification\HireFlow.Notification.Application\HireFlow.Notification.Application.csproj", "{5D462EEE-6384-4B44-9515-A90F5DF941CF}"
EndProject
Project("{FAE04EC0-301F-11D3-BF4B-00C04F79EFBC}") = "HireFlow.Notification.Domain", "src\Services\Notification\HireFlow.Notification.Domain\HireFlow.Notification.Domain.csproj", "{00A20EA4-8B55-4723-A6B6-C903D57B2A00}"
EndProject
Project("{FAE04EC0-301F-11D3-BF4B-00C04F79EFBC}") = "HireFlow.Notification.Infrastructure", "src\Services\Notification\HireFlow.Notification.Infrastructure\HireFlow.Notification.Infrastructure.csproj", "{136B686C-9F99-4308-8052-FE65E5B6471D}"
EndProject
Project("{2150E333-8FDC-42A3-9474-1A3956D46DE8}") = "BuildingBlocks", "BuildingBlocks", "{90298CBA-BD6F-3A0A-69D5-97CAD7B05E7E}"
EndProject
Project("{FAE04EC0-301F-11D3-BF4B-00C04F79EFBC}") = "BuildingBlocks.Contracts", "src\BuildingBlocks\BuildingBlocks.Contracts\BuildingBlocks.Contracts.csproj", "{8E77AE74-C36A-433A-A27A-6C9043C3F13E}"
EndProject
Project("{FAE04EC0-301F-11D3-BF4B-00C04F79EFBC}") = "BuildingBlocks.Infrastructure", "src\BuildingBlocks\BuildingBlocks.Infrastructure\BuildingBlocks.Infrastructure.csproj", "{F4613923-D67D-4DEA-8D2D-BED0ACA5B362}"
EndProject
Project("{FAE04EC0-301F-11D3-BF4B-00C04F79EFBC}") = "BuildingBlocks.Observability", "src\BuildingBlocks\BuildingBlocks.Observability\BuildingBlocks.Observability.csproj", "{7FADD9E8-5244-4DEF-8A8B-F524E46A8F15}"
EndProject
Project("{2150E333-8FDC-42A3-9474-1A3956D46DE8}") = "Contracts", "Contracts", "{FFBE31B8-50B9-B415-22BC-2F92C97CADA3}"
EndProject
Project("{FAE04EC0-301F-11D3-BF4B-00C04F79EFBC}") = "HireFlow.Contracts", "src\Contracts\HireFlow.Contracts\HireFlow.Contracts.csproj", "{DA87C938-23B0-40DD-B57D-DA2C250B64FD}"
EndProject
Project("{2150E333-8FDC-42A3-9474-1A3956D46DE8}") = "tests", "tests", "{0AB3BF05-4346-4AA6-1389-037BE0695223}"
EndProject
Project("{2150E333-8FDC-42A3-9474-1A3956D46DE8}") = "Identity", "Identity", "{391CE2F5-AE47-7A9A-F474-4847BE99435E}"
EndProject
Project("{FAE04EC0-301F-11D3-BF4B-00C04F79EFBC}") = "HireFlow.Identity.UnitTests", "tests\Identity\HireFlow.Identity.UnitTests\HireFlow.Identity.UnitTests.csproj", "{3A724AB2-2C17-4AD3-A518-7F694D8FE770}"
EndProject
Project("{FAE04EC0-301F-11D3-BF4B-00C04F79EFBC}") = "HireFlow.Identity.IntegrationTests", "tests\Identity\HireFlow.Identity.IntegrationTests\HireFlow.Identity.IntegrationTests.csproj", "{21797D9F-A8C0-49B9-A603-E0C78303F801}"
EndProject
Project("{2150E333-8FDC-42A3-9474-1A3956D46DE8}") = "Hiring", "Hiring", "{86D0A088-6E6E-6860-7076-F698579D1897}"
EndProject
Project("{FAE04EC0-301F-11D3-BF4B-00C04F79EFBC}") = "HireFlow.Hiring.UnitTests", "tests\Hiring\HireFlow.Hiring.UnitTests\HireFlow.Hiring.UnitTests.csproj", "{0063B8E6-17DD-49AA-92F4-0B8BB1B587D7}"
EndProject
Project("{FAE04EC0-301F-11D3-BF4B-00C04F79EFBC}") = "HireFlow.Hiring.IntegrationTests", "tests\Hiring\HireFlow.Hiring.IntegrationTests\HireFlow.Hiring.IntegrationTests.csproj", "{E3494E9E-6170-4F34-B19F-3CCB1CD6DC2D}"
EndProject
Project("{2150E333-8FDC-42A3-9474-1A3956D46DE8}") = "Notification", "Notification", "{ACFEC358-0C7B-C36E-DA79-52F302E11ABF}"
EndProject
Project("{FAE04EC0-301F-11D3-BF4B-00C04F79EFBC}") = "HireFlow.Notification.UnitTests", "tests\Notification\HireFlow.Notification.UnitTests\HireFlow.Notification.UnitTests.csproj", "{6F69B94D-4104-4385-A0EA-EF86BF9AD578}"
EndProject
Project("{FAE04EC0-301F-11D3-BF4B-00C04F79EFBC}") = "HireFlow.Notification.IntegrationTests", "tests\Notification\HireFlow.Notification.IntegrationTests\HireFlow.Notification.IntegrationTests.csproj", "{C1ACAF31-68FD-4A41-9182-EFC6E7B3CDE3}"
EndProject
Global
	GlobalSection(SolutionConfigurationPlatforms) = preSolution
		Debug|Any CPU = Debug|Any CPU
		Debug|x64 = Debug|x64
		Debug|x86 = Debug|x86
		Release|Any CPU = Release|Any CPU
		Release|x64 = Release|x64
		Release|x86 = Release|x86
	EndGlobalSection
	GlobalSection(ProjectConfigurationPlatforms) = postSolution
		{A43C6F63-5817-4C95-B539-5A3D2F6D7925}.Debug|Any CPU.ActiveCfg = Debug|Any CPU
		{A43C6F63-5817-4C95-B539-5A3D2F6D7925}.Debug|Any CPU.Build.0 = Debug|Any CPU
		{A43C6F63-5817-4C95-B539-5A3D2F6D7925}.Debug|x64.ActiveCfg = Debug|Any CPU
		{A43C6F63-5817-4C95-B539-5A3D2F6D7925}.Debug|x64.Build.0 = Debug|Any CPU
		{A43C6F63-5817-4C95-B539-5A3D2F6D7925}.Debug|x86.ActiveCfg = Debug|Any CPU
		{A43C6F63-5817-4C95-B539-5A3D2F6D7925}.Debug|x86.Build.0 = Debug|Any CPU
		{A43C6F63-5817-4C95-B539-5A3D2F6D7925}.Release|Any CPU.ActiveCfg = Release|Any CPU
		{A43C6F63-5817-4C95-B539-5A3D2F6D7925}.Release|Any CPU.Build.0 = Release|Any CPU
		{A43C6F63-5817-4C95-B539-5A3D2F6D7925}.Release|x64.ActiveCfg = Release|Any CPU
		{A43C6F63-5817-4C95-B539-5A3D2F6D7925}.Release|x64.Build.0 = Release|Any CPU
		{A43C6F63-5817-4C95-B539-5A3D2F6D7925}.Release|x86.ActiveCfg = Release|Any CPU
		{A43C6F63-5817-4C95-B539-5A3D2F6D7925}.Release|x86.Build.0 = Release|Any CPU
		{49099F2F-2DAC-480F-869B-28273E0CB157}.Debug|Any CPU.ActiveCfg = Debug|Any CPU
		{49099F2F-2DAC-480F-869B-28273E0CB157}.Debug|Any CPU.Build.0 = Debug|Any CPU
		{49099F2F-2DAC-480F-869B-28273E0CB157}.Debug|x64.ActiveCfg = Debug|Any CPU
		{49099F2F-2DAC-480F-869B-28273E0CB157}.Debug|x64.Build.0 = Debug|Any CPU
		{49099F2F-2DAC-480F-869B-28273E0CB157}.Debug|x86.ActiveCfg = Debug|Any CPU
		{49099F2F-2DAC-480F-869B-28273E0CB157}.Debug|x86.Build.0 = Debug|Any CPU
		{49099F2F-2DAC-480F-869B-28273E0CB157}.Release|Any CPU.ActiveCfg = Release|Any CPU
		{49099F2F-2DAC-480F-869B-28273E0CB157}.Release|Any CPU.Build.0 = Release|Any CPU
		{49099F2F-2DAC-480F-869B-28273E0CB157}.Release|x64.ActiveCfg = Release|Any CPU
		{49099F2F-2DAC-480F-869B-28273E0CB157}.Release|x64.Build.0 = Release|Any CPU
		{49099F2F-2DAC-480F-869B-28273E0CB157}.Release|x86.ActiveCfg = Release|Any CPU
		{49099F2F-2DAC-480F-869B-28273E0CB157}.Release|x86.Build.0 = Release|Any CPU
		{F4066866-42B1-468E-820F-77F3337FB70C}.Debug|Any CPU.ActiveCfg = Debug|Any CPU
		{F4066866-42B1-468E-820F-77F3337FB70C}.Debug|Any CPU.Build.0 = Debug|Any CPU
		{F4066866-42B1-468E-820F-77F3337FB70C}.Debug|x64.ActiveCfg = Debug|Any CPU
		{F4066866-42B1-468E-820F-77F3337FB70C}.Debug|x64.Build.0 = Debug|Any CPU
		{F4066866-42B1-468E-820F-77F3337FB70C}.Debug|x86.ActiveCfg = Debug|Any CPU
		{F4066866-42B1-468E-820F-77F3337FB70C}.Debug|x86.Build.0 = Debug|Any CPU
		{F4066866-42B1-468E-820F-77F3337FB70C}.Release|Any CPU.ActiveCfg = Release|Any CPU
		{F4066866-42B1-468E-820F-77F3337FB70C}.Release|Any CPU.Build.0 = Release|Any CPU
		{F4066866-42B1-468E-820F-77F3337FB70C}.Release|x64.ActiveCfg = Release|Any CPU
		{F4066866-42B1-468E-820F-77F3337FB70C}.Release|x64.Build.0 = Release|Any CPU
		{F4066866-42B1-468E-820F-77F3337FB70C}.Release|x86.ActiveCfg = Release|Any CPU
		{F4066866-42B1-468E-820F-77F3337FB70C}.Release|x86.Build.0 = Release|Any CPU
		{9756F809-BFCB-4223-AC65-776B1678B7AF}.Debug|Any CPU.ActiveCfg = Debug|Any CPU
		{9756F809-BFCB-4223-AC65-776B1678B7AF}.Debug|Any CPU.Build.0 = Debug|Any CPU
		{9756F809-BFCB-4223-AC65-776B1678B7AF}.Debug|x64.ActiveCfg = Debug|Any CPU
		{9756F809-BFCB-4223-AC65-776B1678B7AF}.Debug|x64.Build.0 = Debug|Any CPU
		{9756F809-BFCB-4223-AC65-776B1678B7AF}.Debug|x86.ActiveCfg = Debug|Any CPU
		{9756F809-BFCB-4223-AC65-776B1678B7AF}.Debug|x86.Build.0 = Debug|Any CPU
		{9756F809-BFCB-4223-AC65-776B1678B7AF}.Release|Any CPU.ActiveCfg = Release|Any CPU
		{9756F809-BFCB-4223-AC65-776B1678B7AF}.Release|Any CPU.Build.0 = Release|Any CPU
		{9756F809-BFCB-4223-AC65-776B1678B7AF}.Release|x64.ActiveCfg = Release|Any CPU
		{9756F809-BFCB-4223-AC65-776B1678B7AF}.Release|x64.Build.0 = Release|Any CPU
		{9756F809-BFCB-4223-AC65-776B1678B7AF}.Release|x86.ActiveCfg = Release|Any CPU
		{9756F809-BFCB-4223-AC65-776B1678B7AF}.Release|x86.Build.0 = Release|Any CPU
		{0E9EA00B-D0CA-4619-BDB5-DD6C17995468}.Debug|Any CPU.ActiveCfg = Debug|Any CPU
		{0E9EA00B-D0CA-4619-BDB5-DD6C17995468}.Debug|Any CPU.Build.0 = Debug|Any CPU
		{0E9EA00B-D0CA-4619-BDB5-DD6C17995468}.Debug|x64.ActiveCfg = Debug|Any CPU
		{0E9EA00B-D0CA-4619-BDB5-DD6C17995468}.Debug|x64.Build.0 = Debug|Any CPU
		{0E9EA00B-D0CA-4619-BDB5-DD6C17995468}.Debug|x86.ActiveCfg = Debug|Any CPU
		{0E9EA00B-D0CA-4619-BDB5-DD6C17995468}.Debug|x86.Build.0 = Debug|Any CPU
		{0E9EA00B-D0CA-4619-BDB5-DD6C17995468}.Release|Any CPU.ActiveCfg = Release|Any CPU
		{0E9EA00B-D0CA-4619-BDB5-DD6C17995468}.Release|Any CPU.Build.0 = Release|Any CPU
		{0E9EA00B-D0CA-4619-BDB5-DD6C17995468}.Release|x64.ActiveCfg = Release|Any CPU
		{0E9EA00B-D0CA-4619-BDB5-DD6C17995468}.Release|x64.Build.0 = Release|Any CPU
		{0E9EA00B-D0CA-4619-BDB5-DD6C17995468}.Release|x86.ActiveCfg = Release|Any CPU
		{0E9EA00B-D0CA-4619-BDB5-DD6C17995468}.Release|x86.Build.0 = Release|Any CPU
		{37939A8F-E5F2-4F17-8249-F67B6D7C7C16}.Debug|Any CPU.ActiveCfg = Debug|Any CPU
		{37939A8F-E5F2-4F17-8249-F67B6D7C7C16}.Debug|Any CPU.Build.0 = Debug|Any CPU
		{37939A8F-E5F2-4F17-8249-F67B6D7C7C16}.Debug|x64.ActiveCfg = Debug|Any CPU
		{37939A8F-E5F2-4F17-8249-F67B6D7C7C16}.Debug|x64.Build.0 = Debug|Any CPU
		{37939A8F-E5F2-4F17-8249-F67B6D7C7C16}.Debug|x86.ActiveCfg = Debug|Any CPU
		{37939A8F-E5F2-4F17-8249-F67B6D7C7C16}.Debug|x86.Build.0 = Debug|Any CPU
		{37939A8F-E5F2-4F17-8249-F67B6D7C7C16}.Release|Any CPU.ActiveCfg = Release|Any CPU
		{37939A8F-E5F2-4F17-8249-F67B6D7C7C16}.Release|Any CPU.Build.0 = Release|Any CPU
		{37939A8F-E5F2-4F17-8249-F67B6D7C7C16}.Release|x64.ActiveCfg = Release|Any CPU
		{37939A8F-E5F2-4F17-8249-F67B6D7C7C16}.Release|x64.Build.0 = Release|Any CPU
		{37939A8F-E5F2-4F17-8249-F67B6D7C7C16}.Release|x86.ActiveCfg = Release|Any CPU
		{37939A8F-E5F2-4F17-8249-F67B6D7C7C16}.Release|x86.Build.0 = Release|Any CPU
		{26908078-C64D-4A72-B269-52EBB10B3BBD}.Debug|Any CPU.ActiveCfg = Debug|Any CPU
		{26908078-C64D-4A72-B269-52EBB10B3BBD}.Debug|Any CPU.Build.0 = Debug|Any CPU
		{26908078-C64D-4A72-B269-52EBB10B3BBD}.Debug|x64.ActiveCfg = Debug|Any CPU
		{26908078-C64D-4A72-B269-52EBB10B3BBD}.Debug|x64.Build.0 = Debug|Any CPU
		{26908078-C64D-4A72-B269-52EBB10B3BBD}.Debug|x86.ActiveCfg = Debug|Any CPU
		{26908078-C64D-4A72-B269-52EBB10B3BBD}.Debug|x86.Build.0 = Debug|Any CPU
		{26908078-C64D-4A72-B269-52EBB10B3BBD}.Release|Any CPU.ActiveCfg = Release|Any CPU
		{26908078-C64D-4A72-B269-52EBB10B3BBD}.Release|Any CPU.Build.0 = Release|Any CPU
		{26908078-C64D-4A72-B269-52EBB10B3BBD}.Release|x64.ActiveCfg = Release|Any CPU
		{26908078-C64D-4A72-B269-52EBB10B3BBD}.Release|x64.Build.0 = Release|Any CPU
		{26908078-C64D-4A72-B269-52EBB10B3BBD}.Release|x86.ActiveCfg = Release|Any CPU
		{26908078-C64D-4A72-B269-52EBB10B3BBD}.Release|x86.Build.0 = Release|Any CPU
		{8EC459F2-E9E3-4B99-911A-C4CE2A1A982E}.Debug|Any CPU.ActiveCfg = Debug|Any CPU
		{8EC459F2-E9E3-4B99-911A-C4CE2A1A982E}.Debug|Any CPU.Build.0 = Debug|Any CPU
		{8EC459F2-E9E3-4B99-911A-C4CE2A1A982E}.Debug|x64.ActiveCfg = Debug|Any CPU
		{8EC459F2-E9E3-4B99-911A-C4CE2A1A982E}.Debug|x64.Build.0 = Debug|Any CPU
		{8EC459F2-E9E3-4B99-911A-C4CE2A1A982E}.Debug|x86.ActiveCfg = Debug|Any CPU
		{8EC459F2-E9E3-4B99-911A-C4CE2A1A982E}.Debug|x86.Build.0 = Debug|Any CPU
		{8EC459F2-E9E3-4B99-911A-C4CE2A1A982E}.Release|Any CPU.ActiveCfg = Release|Any CPU
		{8EC459F2-E9E3-4B99-911A-C4CE2A1A982E}.Release|Any CPU.Build.0 = Release|Any CPU
		{8EC459F2-E9E3-4B99-911A-C4CE2A1A982E}.Release|x64.ActiveCfg = Release|Any CPU
		{8EC459F2-E9E3-4B99-911A-C4CE2A1A982E}.Release|x64.Build.0 = Release|Any CPU
		{8EC459F2-E9E3-4B99-911A-C4CE2A1A982E}.Release|x86.ActiveCfg = Release|Any CPU
		{8EC459F2-E9E3-4B99-911A-C4CE2A1A982E}.Release|x86.Build.0 = Release|Any CPU
		{7D2EE3CE-2624-466F-9605-F89896B3727D}.Debug|Any CPU.ActiveCfg = Debug|Any CPU
		{7D2EE3CE-2624-466F-9605-F89896B3727D}.Debug|Any CPU.Build.0 = Debug|Any CPU
		{7D2EE3CE-2624-466F-9605-F89896B3727D}.Debug|x64.ActiveCfg = Debug|Any CPU
		{7D2EE3CE-2624-466F-9605-F89896B3727D}.Debug|x64.Build.0 = Debug|Any CPU
		{7D2EE3CE-2624-466F-9605-F89896B3727D}.Debug|x86.ActiveCfg = Debug|Any CPU
		{7D2EE3CE-2624-466F-9605-F89896B3727D}.Debug|x86.Build.0 = Debug|Any CPU
		{7D2EE3CE-2624-466F-9605-F89896B3727D}.Release|Any CPU.ActiveCfg = Release|Any CPU
		{7D2EE3CE-2624-466F-9605-F89896B3727D}.Release|Any CPU.Build.0 = Release|Any CPU
		{7D2EE3CE-2624-466F-9605-F89896B3727D}.Release|x64.ActiveCfg = Release|Any CPU
		{7D2EE3CE-2624-466F-9605-F89896B3727D}.Release|x64.Build.0 = Release|Any CPU
		{7D2EE3CE-2624-466F-9605-F89896B3727D}.Release|x86.ActiveCfg = Release|Any CPU
		{7D2EE3CE-2624-466F-9605-F89896B3727D}.Release|x86.Build.0 = Release|Any CPU
		{5D462EEE-6384-4B44-9515-A90F5DF941CF}.Debug|Any CPU.ActiveCfg = Debug|Any CPU
		{5D462EEE-6384-4B44-9515-A90F5DF941CF}.Debug|Any CPU.Build.0 = Debug|Any CPU
		{5D462EEE-6384-4B44-9515-A90F5DF941CF}.Debug|x64.ActiveCfg = Debug|Any CPU
		{5D462EEE-6384-4B44-9515-A90F5DF941CF}.Debug|x64.Build.0 = Debug|Any CPU
		{5D462EEE-6384-4B44-9515-A90F5DF941CF}.Debug|x86.ActiveCfg = Debug|Any CPU
		{5D462EEE-6384-4B44-9515-A90F5DF941CF}.Debug|x86.Build.0 = Debug|Any CPU
		{5D462EEE-6384-4B44-9515-A90F5DF941CF}.Release|Any CPU.ActiveCfg = Release|Any CPU
		{5D462EEE-6384-4B44-9515-A90F5DF941CF}.Release|Any CPU.Build.0 = Release|Any CPU
		{5D462EEE-6384-4B44-9515-A90F5DF941CF}.Release|x64.ActiveCfg = Release|Any CPU
		{5D462EEE-6384-4B44-9515-A90F5DF941CF}.Release|x64.Build.0 = Release|Any CPU
		{5D462EEE-6384-4B44-9515-A90F5DF941CF}.Release|x86.ActiveCfg = Release|Any CPU
		{5D462EEE-6384-4B44-9515-A90F5DF941CF}.Release|x86.Build.0 = Release|Any CPU
		{00A20EA4-8B55-4723-A6B6-C903D57B2A00}.Debug|Any CPU.ActiveCfg = Debug|Any CPU
		{00A20EA4-8B55-4723-A6B6-C903D57B2A00}.Debug|Any CPU.Build.0 = Debug|Any CPU
		{00A20EA4-8B55-4723-A6B6-C903D57B2A00}.Debug|x64.ActiveCfg = Debug|Any CPU
		{00A20EA4-8B55-4723-A6B6-C903D57B2A00}.Debug|x64.Build.0 = Debug|Any CPU
		{00A20EA4-8B55-4723-A6B6-C903D57B2A00}.Debug|x86.ActiveCfg = Debug|Any CPU
		{00A20EA4-8B55-4723-A6B6-C903D57B2A00}.Debug|x86.Build.0 = Debug|Any CPU
		{00A20EA4-8B55-4723-A6B6-C903D57B2A00}.Release|Any CPU.ActiveCfg = Release|Any CPU
		{00A20EA4-8B55-4723-A6B6-C903D57B2A00}.Release|Any CPU.Build.0 = Release|Any CPU
		{00A20EA4-8B55-4723-A6B6-C903D57B2A00}.Release|x64.ActiveCfg = Release|Any CPU
		{00A20EA4-8B55-4723-A6B6-C903D57B2A00}.Release|x64.Build.0 = Release|Any CPU
		{00A20EA4-8B55-4723-A6B6-C903D57B2A00}.Release|x86.ActiveCfg = Release|Any CPU
		{00A20EA4-8B55-4723-A6B6-C903D57B2A00}.Release|x86.Build.0 = Release|Any CPU
		{136B686C-9F99-4308-8052-FE65E5B6471D}.Debug|Any CPU.ActiveCfg = Debug|Any CPU
		{136B686C-9F99-4308-8052-FE65E5B6471D}.Debug|Any CPU.Build.0 = Debug|Any CPU
		{136B686C-9F99-4308-8052-FE65E5B6471D}.Debug|x64.ActiveCfg = Debug|Any CPU
		{136B686C-9F99-4308-8052-FE65E5B6471D}.Debug|x64.Build.0 = Debug|Any CPU
		{136B686C-9F99-4308-8052-FE65E5B6471D}.Debug|x86.ActiveCfg = Debug|Any CPU
		{136B686C-9F99-4308-8052-FE65E5B6471D}.Debug|x86.Build.0 = Debug|Any CPU
		{136B686C-9F99-4308-8052-FE65E5B6471D}.Release|Any CPU.ActiveCfg = Release|Any CPU
		{136B686C-9F99-4308-8052-FE65E5B6471D}.Release|Any CPU.Build.0 = Release|Any CPU
		{136B686C-9F99-4308-8052-FE65E5B6471D}.Release|x64.ActiveCfg = Release|Any CPU
		{136B686C-9F99-4308-8052-FE65E5B6471D}.Release|x64.Build.0 = Release|Any CPU
		{136B686C-9F99-4308-8052-FE65E5B6471D}.Release|x86.ActiveCfg = Release|Any CPU
		{136B686C-9F99-4308-8052-FE65E5B6471D}.Release|x86.Build.0 = Release|Any CPU
		{8E77AE74-C36A-433A-A27A-6C9043C3F13E}.Debug|Any CPU.ActiveCfg = Debug|Any CPU
		{8E77AE74-C36A-433A-A27A-6C9043C3F13E}.Debug|Any CPU.Build.0 = Debug|Any CPU
		{8E77AE74-C36A-433A-A27A-6C9043C3F13E}.Debug|x64.ActiveCfg = Debug|Any CPU
		{8E77AE74-C36A-433A-A27A-6C9043C3F13E}.Debug|x64.Build.0 = Debug|Any CPU
		{8E77AE74-C36A-433A-A27A-6C9043C3F13E}.Debug|x86.ActiveCfg = Debug|Any CPU
		{8E77AE74-C36A-433A-A27A-6C9043C3F13E}.Debug|x86.Build.0 = Debug|Any CPU
		{8E77AE74-C36A-433A-A27A-6C9043C3F13E}.Release|Any CPU.ActiveCfg = Release|Any CPU
		{8E77AE74-C36A-433A-A27A-6C9043C3F13E}.Release|Any CPU.Build.0 = Release|Any CPU
		{8E77AE74-C36A-433A-A27A-6C9043C3F13E}.Release|x64.ActiveCfg = Release|Any CPU
		{8E77AE74-C36A-433A-A27A-6C9043C3F13E}.Release|x64.Build.0 = Release|Any CPU
		{8E77AE74-C36A-433A-A27A-6C9043C3F13E}.Release|x86.ActiveCfg = Release|Any CPU
		{8E77AE74-C36A-433A-A27A-6C9043C3F13E}.Release|x86.Build.0 = Release|Any CPU
		{F4613923-D67D-4DEA-8D2D-BED0ACA5B362}.Debug|Any CPU.ActiveCfg = Debug|Any CPU
		{F4613923-D67D-4DEA-8D2D-BED0ACA5B362}.Debug|Any CPU.Build.0 = Debug|Any CPU
		{F4613923-D67D-4DEA-8D2D-BED0ACA5B362}.Debug|x64.ActiveCfg = Debug|Any CPU
		{F4613923-D67D-4DEA-8D2D-BED0ACA5B362}.Debug|x64.Build.0 = Debug|Any CPU
		{F4613923-D67D-4DEA-8D2D-BED0ACA5B362}.Debug|x86.ActiveCfg = Debug|Any CPU
		{F4613923-D67D-4DEA-8D2D-BED0ACA5B362}.Debug|x86.Build.0 = Debug|Any CPU
		{F4613923-D67D-4DEA-8D2D-BED0ACA5B362}.Release|Any CPU.ActiveCfg = Release|Any CPU
		{F4613923-D67D-4DEA-8D2D-BED0ACA5B362}.Release|Any CPU.Build.0 = Release|Any CPU
		{F4613923-D67D-4DEA-8D2D-BED0ACA5B362}.Release|x64.ActiveCfg = Release|Any CPU
		{F4613923-D67D-4DEA-8D2D-BED0ACA5B362}.Release|x64.Build.0 = Release|Any CPU
		{F4613923-D67D-4DEA-8D2D-BED0ACA5B362}.Release|x86.ActiveCfg = Release|Any CPU
		{F4613923-D67D-4DEA-8D2D-BED0ACA5B362}.Release|x86.Build.0 = Release|Any CPU
		{7FADD9E8-5244-4DEF-8A8B-F524E46A8F15}.Debug|Any CPU.ActiveCfg = Debug|Any CPU
		{7FADD9E8-5244-4DEF-8A8B-F524E46A8F15}.Debug|Any CPU.Build.0 = Debug|Any CPU
		{7FADD9E8-5244-4DEF-8A8B-F524E46A8F15}.Debug|x64.ActiveCfg = Debug|Any CPU
		{7FADD9E8-5244-4DEF-8A8B-F524E46A8F15}.Debug|x64.Build.0 = Debug|Any CPU
		{7FADD9E8-5244-4DEF-8A8B-F524E46A8F15}.Debug|x86.ActiveCfg = Debug|Any CPU
		{7FADD9E8-5244-4DEF-8A8B-F524E46A8F15}.Debug|x86.Build.0 = Debug|Any CPU
		{7FADD9E8-5244-4DEF-8A8B-F524E46A8F15}.Release|Any CPU.ActiveCfg = Release|Any CPU
		{7FADD9E8-5244-4DEF-8A8B-F524E46A8F15}.Release|Any CPU.Build.0 = Release|Any CPU
		{7FADD9E8-5244-4DEF-8A8B-F524E46A8F15}.Release|x64.ActiveCfg = Release|Any CPU
		{7FADD9E8-5244-4DEF-8A8B-F524E46A8F15}.Release|x64.Build.0 = Release|Any CPU
		{7FADD9E8-5244-4DEF-8A8B-F524E46A8F15}.Release|x86.ActiveCfg = Release|Any CPU
		{7FADD9E8-5244-4DEF-8A8B-F524E46A8F15}.Release|x86.Build.0 = Release|Any CPU
		{DA87C938-23B0-40DD-B57D-DA2C250B64FD}.Debug|Any CPU.ActiveCfg = Debug|Any CPU
		{DA87C938-23B0-40DD-B57D-DA2C250B64FD}.Debug|Any CPU.Build.0 = Debug|Any CPU
		{DA87C938-23B0-40DD-B57D-DA2C250B64FD}.Debug|x64.ActiveCfg = Debug|Any CPU
		{DA87C938-23B0-40DD-B57D-DA2C250B64FD}.Debug|x64.Build.0 = Debug|Any CPU
		{DA87C938-23B0-40DD-B57D-DA2C250B64FD}.Debug|x86.ActiveCfg = Debug|Any CPU
		{DA87C938-23B0-40DD-B57D-DA2C250B64FD}.Debug|x86.Build.0 = Debug|Any CPU
		{DA87C938-23B0-40DD-B57D-DA2C250B64FD}.Release|Any CPU.ActiveCfg = Release|Any CPU
		{DA87C938-23B0-40DD-B57D-DA2C250B64FD}.Release|Any CPU.Build.0 = Release|Any CPU
		{DA87C938-23B0-40DD-B57D-DA2C250B64FD}.Release|x64.ActiveCfg = Release|Any CPU
		{DA87C938-23B0-40DD-B57D-DA2C250B64FD}.Release|x64.Build.0 = Release|Any CPU
		{DA87C938-23B0-40DD-B57D-DA2C250B64FD}.Release|x86.ActiveCfg = Release|Any CPU
		{DA87C938-23B0-40DD-B57D-DA2C250B64FD}.Release|x86.Build.0 = Release|Any CPU
		{3A724AB2-2C17-4AD3-A518-7F694D8FE770}.Debug|Any CPU.ActiveCfg = Debug|Any CPU
		{3A724AB2-2C17-4AD3-A518-7F694D8FE770}.Debug|Any CPU.Build.0 = Debug|Any CPU
		{3A724AB2-2C17-4AD3-A518-7F694D8FE770}.Debug|x64.ActiveCfg = Debug|Any CPU
		{3A724AB2-2C17-4AD3-A518-7F694D8FE770}.Debug|x64.Build.0 = Debug|Any CPU
		{3A724AB2-2C17-4AD3-A518-7F694D8FE770}.Debug|x86.ActiveCfg = Debug|Any CPU
		{3A724AB2-2C17-4AD3-A518-7F694D8FE770}.Debug|x86.Build.0 = Debug|Any CPU
		{3A724AB2-2C17-4AD3-A518-7F694D8FE770}.Release|Any CPU.ActiveCfg = Release|Any CPU
		{3A724AB2-2C17-4AD3-A518-7F694D8FE770}.Release|Any CPU.Build.0 = Release|Any CPU
		{3A724AB2-2C17-4AD3-A518-7F694D8FE770}.Release|x64.ActiveCfg = Release|Any CPU
		{3A724AB2-2C17-4AD3-A518-7F694D8FE770}.Release|x64.Build.0 = Release|Any CPU
		{3A724AB2-2C17-4AD3-A518-7F694D8FE770}.Release|x86.ActiveCfg = Release|Any CPU
		{3A724AB2-2C17-4AD3-A518-7F694D8FE770}.Release|x86.Build.0 = Release|Any CPU
		{21797D9F-A8C0-49B9-A603-E0C78303F801}.Debug|Any CPU.ActiveCfg = Debug|Any CPU
		{21797D9F-A8C0-49B9-A603-E0C78303F801}.Debug|Any CPU.Build.0 = Debug|Any CPU
		{21797D9F-A8C0-49B9-A603-E0C78303F801}.Debug|x64.ActiveCfg = Debug|Any CPU
		{21797D9F-A8C0-49B9-A603-E0C78303F801}.Debug|x64.Build.0 = Debug|Any CPU
		{21797D9F-A8C0-49B9-A603-E0C78303F801}.Debug|x86.ActiveCfg = Debug|Any CPU
		{21797D9F-A8C0-49B9-A603-E0C78303F801}.Debug|x86.Build.0 = Debug|Any CPU
		{21797D9F-A8C0-49B9-A603-E0C78303F801}.Release|Any CPU.ActiveCfg = Release|Any CPU
		{21797D9F-A8C0-49B9-A603-E0C78303F801}.Release|Any CPU.Build.0 = Release|Any CPU
		{21797D9F-A8C0-49B9-A603-E0C78303F801}.Release|x64.ActiveCfg = Release|Any CPU
		{21797D9F-A8C0-49B9-A603-E0C78303F801}.Release|x64.Build.0 = Release|Any CPU
		{21797D9F-A8C0-49B9-A603-E0C78303F801}.Release|x86.ActiveCfg = Release|Any CPU
		{21797D9F-A8C0-49B9-A603-E0C78303F801}.Release|x86.Build.0 = Release|Any CPU
		{0063B8E6-17DD-49AA-92F4-0B8BB1B587D7}.Debug|Any CPU.ActiveCfg = Debug|Any CPU
		{0063B8E6-17DD-49AA-92F4-0B8BB1B587D7}.Debug|Any CPU.Build.0 = Debug|Any CPU
		{0063B8E6-17DD-49AA-92F4-0B8BB1B587D7}.Debug|x64.ActiveCfg = Debug|Any CPU
		{0063B8E6-17DD-49AA-92F4-0B8BB1B587D7}.Debug|x64.Build.0 = Debug|Any CPU
		{0063B8E6-17DD-49AA-92F4-0B8BB1B587D7}.Debug|x86.ActiveCfg = Debug|Any CPU
		{0063B8E6-17DD-49AA-92F4-0B8BB1B587D7}.Debug|x86.Build.0 = Debug|Any CPU
		{0063B8E6-17DD-49AA-92F4-0B8BB1B587D7}.Release|Any CPU.ActiveCfg = Release|Any CPU
		{0063B8E6-17DD-49AA-92F4-0B8BB1B587D7}.Release|Any CPU.Build.0 = Release|Any CPU
		{0063B8E6-17DD-49AA-92F4-0B8BB1B587D7}.Release|x64.ActiveCfg = Release|Any CPU
		{0063B8E6-17DD-49AA-92F4-0B8BB1B587D7}.Release|x64.Build.0 = Release|Any CPU
		{0063B8E6-17DD-49AA-92F4-0B8BB1B587D7}.Release|x86.ActiveCfg = Release|Any CPU
		{0063B8E6-17DD-49AA-92F4-0B8BB1B587D7}.Release|x86.Build.0 = Release|Any CPU
		{E3494E9E-6170-4F34-B19F-3CCB1CD6DC2D}.Debug|Any CPU.ActiveCfg = Debug|Any CPU
		{E3494E9E-6170-4F34-B19F-3CCB1CD6DC2D}.Debug|Any CPU.Build.0 = Debug|Any CPU
		{E3494E9E-6170-4F34-B19F-3CCB1CD6DC2D}.Debug|x64.ActiveCfg = Debug|Any CPU
		{E3494E9E-6170-4F34-B19F-3CCB1CD6DC2D}.Debug|x64.Build.0 = Debug|Any CPU
		{E3494E9E-6170-4F34-B19F-3CCB1CD6DC2D}.Debug|x86.ActiveCfg = Debug|Any CPU
		{E3494E9E-6170-4F34-B19F-3CCB1CD6DC2D}.Debug|x86.Build.0 = Debug|Any CPU
		{E3494E9E-6170-4F34-B19F-3CCB1CD6DC2D}.Release|Any CPU.ActiveCfg = Release|Any CPU
		{E3494E9E-6170-4F34-B19F-3CCB1CD6DC2D}.Release|Any CPU.Build.0 = Release|Any CPU
		{E3494E9E-6170-4F34-B19F-3CCB1CD6DC2D}.Release|x64.ActiveCfg = Release|Any CPU
		{E3494E9E-6170-4F34-B19F-3CCB1CD6DC2D}.Release|x64.Build.0 = Release|Any CPU
		{E3494E9E-6170-4F34-B19F-3CCB1CD6DC2D}.Release|x86.ActiveCfg = Release|Any CPU
		{E3494E9E-6170-4F34-B19F-3CCB1CD6DC2D}.Release|x86.Build.0 = Release|Any CPU
		{6F69B94D-4104-4385-A0EA-EF86BF9AD578}.Debug|Any CPU.ActiveCfg = Debug|Any CPU
		{6F69B94D-4104-4385-A0EA-EF86BF9AD578}.Debug|Any CPU.Build.0 = Debug|Any CPU
		{6F69B94D-4104-4385-A0EA-EF86BF9AD578}.Debug|x64.ActiveCfg = Debug|Any CPU
		{6F69B94D-4104-4385-A0EA-EF86BF9AD578}.Debug|x64.Build.0 = Debug|Any CPU
		{6F69B94D-4104-4385-A0EA-EF86BF9AD578}.Debug|x86.ActiveCfg = Debug|Any CPU
		{6F69B94D-4104-4385-A0EA-EF86BF9AD578}.Debug|x86.Build.0 = Debug|Any CPU
		{6F69B94D-4104-4385-A0EA-EF86BF9AD578}.Release|Any CPU.ActiveCfg = Release|Any CPU
		{6F69B94D-4104-4385-A0EA-EF86BF9AD578}.Release|Any CPU.Build.0 = Release|Any CPU
		{6F69B94D-4104-4385-A0EA-EF86BF9AD578}.Release|x64.ActiveCfg = Release|Any CPU
		{6F69B94D-4104-4385-A0EA-EF86BF9AD578}.Release|x64.Build.0 = Release|Any CPU
		{6F69B94D-4104-4385-A0EA-EF86BF9AD578}.Release|x86.ActiveCfg = Release|Any CPU
		{6F69B94D-4104-4385-A0EA-EF86BF9AD578}.Release|x86.Build.0 = Release|Any CPU
		{C1ACAF31-68FD-4A41-9182-EFC6E7B3CDE3}.Debug|Any CPU.ActiveCfg = Debug|Any CPU
		{C1ACAF31-68FD-4A41-9182-EFC6E7B3CDE3}.Debug|Any CPU.Build.0 = Debug|Any CPU
		{C1ACAF31-68FD-4A41-9182-EFC6E7B3CDE3}.Debug|x64.ActiveCfg = Debug|Any CPU
		{C1ACAF31-68FD-4A41-9182-EFC6E7B3CDE3}.Debug|x64.Build.0 = Debug|Any CPU
		{C1ACAF31-68FD-4A41-9182-EFC6E7B3CDE3}.Debug|x86.ActiveCfg = Debug|Any CPU
		{C1ACAF31-68FD-4A41-9182-EFC6E7B3CDE3}.Debug|x86.Build.0 = Debug|Any CPU
		{C1ACAF31-68FD-4A41-9182-EFC6E7B3CDE3}.Release|Any CPU.ActiveCfg = Release|Any CPU
		{C1ACAF31-68FD-4A41-9182-EFC6E7B3CDE3}.Release|Any CPU.Build.0 = Release|Any CPU
		{C1ACAF31-68FD-4A41-9182-EFC6E7B3CDE3}.Release|x64.ActiveCfg = Release|Any CPU
		{C1ACAF31-68FD-4A41-9182-EFC6E7B3CDE3}.Release|x64.Build.0 = Release|Any CPU
		{C1ACAF31-68FD-4A41-9182-EFC6E7B3CDE3}.Release|x86.ActiveCfg = Release|Any CPU
		{C1ACAF31-68FD-4A41-9182-EFC6E7B3CDE3}.Release|x86.Build.0 = Release|Any CPU
	EndGlobalSection
	GlobalSection(SolutionProperties) = preSolution
		HideSolutionNode = FALSE
	EndGlobalSection
	GlobalSection(NestedProjects) = preSolution
		{984BB9B3-3FA3-BE33-9484-CAC21695A33C} = {827E0CD3-B72D-47B6-A68D-7590B98EB39B}
		{1BFC9479-12BF-35C3-06B8-42D89D95092B} = {984BB9B3-3FA3-BE33-9484-CAC21695A33C}
		{A43C6F63-5817-4C95-B539-5A3D2F6D7925} = {1BFC9479-12BF-35C3-06B8-42D89D95092B}
		{49099F2F-2DAC-480F-869B-28273E0CB157} = {1BFC9479-12BF-35C3-06B8-42D89D95092B}
		{F4066866-42B1-468E-820F-77F3337FB70C} = {1BFC9479-12BF-35C3-06B8-42D89D95092B}
		{9756F809-BFCB-4223-AC65-776B1678B7AF} = {1BFC9479-12BF-35C3-06B8-42D89D95092B}
		{B9121A91-C789-2511-210C-FE91457550C9} = {984BB9B3-3FA3-BE33-9484-CAC21695A33C}
		{0E9EA00B-D0CA-4619-BDB5-DD6C17995468} = {B9121A91-C789-2511-210C-FE91457550C9}
		{37939A8F-E5F2-4F17-8249-F67B6D7C7C16} = {B9121A91-C789-2511-210C-FE91457550C9}
		{26908078-C64D-4A72-B269-52EBB10B3BBD} = {B9121A91-C789-2511-210C-FE91457550C9}
		{8EC459F2-E9E3-4B99-911A-C4CE2A1A982E} = {B9121A91-C789-2511-210C-FE91457550C9}
		{C5FBE174-8E0F-F5A3-B929-8BD0C55C0A32} = {984BB9B3-3FA3-BE33-9484-CAC21695A33C}
		{7D2EE3CE-2624-466F-9605-F89896B3727D} = {C5FBE174-8E0F-F5A3-B929-8BD0C55C0A32}
		{5D462EEE-6384-4B44-9515-A90F5DF941CF} = {C5FBE174-8E0F-F5A3-B929-8BD0C55C0A32}
		{00A20EA4-8B55-4723-A6B6-C903D57B2A00} = {C5FBE174-8E0F-F5A3-B929-8BD0C55C0A32}
		{136B686C-9F99-4308-8052-FE65E5B6471D} = {C5FBE174-8E0F-F5A3-B929-8BD0C55C0A32}
		{90298CBA-BD6F-3A0A-69D5-97CAD7B05E7E} = {827E0CD3-B72D-47B6-A68D-7590B98EB39B}
		{8E77AE74-C36A-433A-A27A-6C9043C3F13E} = {90298CBA-BD6F-3A0A-69D5-97CAD7B05E7E}
		{F4613923-D67D-4DEA-8D2D-BED0ACA5B362} = {90298CBA-BD6F-3A0A-69D5-97CAD7B05E7E}
		{7FADD9E8-5244-4DEF-8A8B-F524E46A8F15} = {90298CBA-BD6F-3A0A-69D5-97CAD7B05E7E}
		{FFBE31B8-50B9-B415-22BC-2F92C97CADA3} = {827E0CD3-B72D-47B6-A68D-7590B98EB39B}
		{DA87C938-23B0-40DD-B57D-DA2C250B64FD} = {FFBE31B8-50B9-B415-22BC-2F92C97CADA3}
		{391CE2F5-AE47-7A9A-F474-4847BE99435E} = {0AB3BF05-4346-4AA6-1389-037BE0695223}
		{3A724AB2-2C17-4AD3-A518-7F694D8FE770} = {391CE2F5-AE47-7A9A-F474-4847BE99435E}
		{21797D9F-A8C0-49B9-A603-E0C78303F801} = {391CE2F5-AE47-7A9A-F474-4847BE99435E}
		{86D0A088-6E6E-6860-7076-F698579D1897} = {0AB3BF05-4346-4AA6-1389-037BE0695223}
		{0063B8E6-17DD-49AA-92F4-0B8BB1B587D7} = {86D0A088-6E6E-6860-7076-F698579D1897}
		{E3494E9E-6170-4F34-B19F-3CCB1CD6DC2D} = {86D0A088-6E6E-6860-7076-F698579D1897}
		{ACFEC358-0C7B-C36E-DA79-52F302E11ABF} = {0AB3BF05-4346-4AA6-1389-037BE0695223}
		{6F69B94D-4104-4385-A0EA-EF86BF9AD578} = {ACFEC358-0C7B-C36E-DA79-52F302E11ABF}
		{C1ACAF31-68FD-4A41-9182-EFC6E7B3CDE3} = {ACFEC358-0C7B-C36E-DA79-52F302E11ABF}
	EndGlobalSection
EndGlobal
